// !$*UTF8*$!
{
	archiveVersion = 1;
	classes = {
	};
	objectVersion = 46;
	objects = {

/* Begin PBXBuildFile section */
		49E230E194ACD82B8160AB65 /* Pods_kiboLiveChat.framework in Frameworks */ = {isa = PBXBuildFile; fileRef = 575BA4C784BDDDD170FA2D76 /* Pods_kiboLiveChat.framework */; };
		7132E0B31D80EC8800B8AD4C /* KiboEngageSDK.framework in Frameworks */ = {isa = PBXBuildFile; fileRef = 718F59711D80EA57000007D8 /* KiboEngageSDK.framework */; };
		7132E0B41D80EC8800B8AD4C /* KiboEngageSDK.framework in Embed Frameworks */ = {isa = PBXBuildFile; fileRef = 718F59711D80EA57000007D8 /* KiboEngageSDK.framework */; settings = {ATTRIBUTES = (CodeSignOnCopy, RemoveHeadersOnCopy, ); }; };
		713A6EFC1D95CDD60084A816 /* temp.m in Sources */ = {isa = PBXBuildFile; fileRef = 713A6EFB1D95CDD60084A816 /* temp.m */; };
		713A6EFE1D95CE0B0084A816 /* WindowsAzureMessaging.framework in Frameworks */ = {isa = PBXBuildFile; fileRef = 713A6EFD1D95CE0B0084A816 /* WindowsAzureMessaging.framework */; };
		7155355C1D95D2900081AB9C /* ConstantsString.swift in Sources */ = {isa = PBXBuildFile; fileRef = 7155355B1D95D2900081AB9C /* ConstantsString.swift */; };
		718F59411D80EA0D000007D8 /* AppDelegate.swift in Sources */ = {isa = PBXBuildFile; fileRef = 718F59401D80EA0D000007D8 /* AppDelegate.swift */; };
		718F59431D80EA0D000007D8 /* ViewController.swift in Sources */ = {isa = PBXBuildFile; fileRef = 718F59421D80EA0D000007D8 /* ViewController.swift */; };
		718F59461D80EA0D000007D8 /* Main.storyboard in Resources */ = {isa = PBXBuildFile; fileRef = 718F59441D80EA0D000007D8 /* Main.storyboard */; };
		718F59491D80EA0D000007D8 /* kiboLiveChat.xcdatamodeld in Sources */ = {isa = PBXBuildFile; fileRef = 718F59471D80EA0D000007D8 /* kiboLiveChat.xcdatamodeld */; };
		718F594B1D80EA0D000007D8 /* Assets.xcassets in Resources */ = {isa = PBXBuildFile; fileRef = 718F594A1D80EA0D000007D8 /* Assets.xcassets */; };
		718F594E1D80EA0D000007D8 /* LaunchScreen.storyboard in Resources */ = {isa = PBXBuildFile; fileRef = 718F594C1D80EA0D000007D8 /* LaunchScreen.storyboard */; };
		718F59591D80EA0D000007D8 /* kiboLiveChatTests.swift in Sources */ = {isa = PBXBuildFile; fileRef = 718F59581D80EA0D000007D8 /* kiboLiveChatTests.swift */; };
		718F59641D80EA0E000007D8 /* kiboLiveChatUITests.swift in Sources */ = {isa = PBXBuildFile; fileRef = 718F59631D80EA0E000007D8 /* kiboLiveChatUITests.swift */; };
/* End PBXBuildFile section */

/* Begin PBXContainerItemProxy section */
		718F59551D80EA0D000007D8 /* PBXContainerItemProxy */ = {
			isa = PBXContainerItemProxy;
			containerPortal = 718F59351D80EA0D000007D8 /* Project object */;
			proxyType = 1;
			remoteGlobalIDString = 718F593C1D80EA0D000007D8;
			remoteInfo = kiboLiveChat;
		};
		718F59601D80EA0E000007D8 /* PBXContainerItemProxy */ = {
			isa = PBXContainerItemProxy;
			containerPortal = 718F59351D80EA0D000007D8 /* Project object */;
			proxyType = 1;
			remoteGlobalIDString = 718F593C1D80EA0D000007D8;
			remoteInfo = kiboLiveChat;
		};
/* End PBXContainerItemProxy section */

/* Begin PBXCopyFilesBuildPhase section */
		7132E0B51D80EC8800B8AD4C /* Embed Frameworks */ = {
			isa = PBXCopyFilesBuildPhase;
			buildActionMask = 2147483647;
			dstPath = "";
			dstSubfolderSpec = 10;
			files = (
				7132E0B41D80EC8800B8AD4C /* KiboEngageSDK.framework in Embed Frameworks */,
			);
			name = "Embed Frameworks";
			runOnlyForDeploymentPostprocessing = 0;
		};
/* End PBXCopyFilesBuildPhase section */

/* Begin PBXFileReference section */
		575BA4C784BDDDD170FA2D76 /* Pods_kiboLiveChat.framework */ = {isa = PBXFileReference; explicitFileType = wrapper.framework; includeInIndex = 0; path = Pods_kiboLiveChat.framework; sourceTree = BUILT_PRODUCTS_DIR; };
		713A6EF91D95CDD50084A816 /* kiboLiveChat-Bridging-Header.h */ = {isa = PBXFileReference; lastKnownFileType = sourcecode.c.h; path = "kiboLiveChat-Bridging-Header.h"; sourceTree = "<group>"; };
		713A6EFA1D95CDD60084A816 /* temp.h */ = {isa = PBXFileReference; fileEncoding = 4; lastKnownFileType = sourcecode.c.h; path = temp.h; sourceTree = "<group>"; };
		713A6EFB1D95CDD60084A816 /* temp.m */ = {isa = PBXFileReference; fileEncoding = 4; lastKnownFileType = sourcecode.c.objc; path = temp.m; sourceTree = "<group>"; };
		713A6EFD1D95CE0B0084A816 /* WindowsAzureMessaging.framework */ = {isa = PBXFileReference; lastKnownFileType = wrapper.framework; path = WindowsAzureMessaging.framework; sourceTree = "<group>"; };
		7155355B1D95D2900081AB9C /* ConstantsString.swift */ = {isa = PBXFileReference; fileEncoding = 4; lastKnownFileType = sourcecode.swift; path = ConstantsString.swift; sourceTree = "<group>"; };
		718F593D1D80EA0D000007D8 /* kiboLiveChat.app */ = {isa = PBXFileReference; explicitFileType = wrapper.application; includeInIndex = 0; path = kiboLiveChat.app; sourceTree = BUILT_PRODUCTS_DIR; };
		718F59401D80EA0D000007D8 /* AppDelegate.swift */ = {isa = PBXFileReference; lastKnownFileType = sourcecode.swift; path = AppDelegate.swift; sourceTree = "<group>"; };
		718F59421D80EA0D000007D8 /* ViewController.swift */ = {isa = PBXFileReference; lastKnownFileType = sourcecode.swift; path = ViewController.swift; sourceTree = "<group>"; };
		718F59451D80EA0D000007D8 /* Base */ = {isa = PBXFileReference; lastKnownFileType = file.storyboard; name = Base; path = Base.lproj/Main.storyboard; sourceTree = "<group>"; };
		718F59481D80EA0D000007D8 /* kiboLiveChat.xcdatamodel */ = {isa = PBXFileReference; lastKnownFileType = wrapper.xcdatamodel; path = kiboLiveChat.xcdatamodel; sourceTree = "<group>"; };
		718F594A1D80EA0D000007D8 /* Assets.xcassets */ = {isa = PBXFileReference; lastKnownFileType = folder.assetcatalog; path = Assets.xcassets; sourceTree = "<group>"; };
		718F594D1D80EA0D000007D8 /* Base */ = {isa = PBXFileReference; lastKnownFileType = file.storyboard; name = Base; path = Base.lproj/LaunchScreen.storyboard; sourceTree = "<group>"; };
		718F594F1D80EA0D000007D8 /* Info.plist */ = {isa = PBXFileReference; lastKnownFileType = text.plist.xml; path = Info.plist; sourceTree = "<group>"; };
		718F59541D80EA0D000007D8 /* kiboLiveChatTests.xctest */ = {isa = PBXFileReference; explicitFileType = wrapper.cfbundle; includeInIndex = 0; path = kiboLiveChatTests.xctest; sourceTree = BUILT_PRODUCTS_DIR; };
		718F59581D80EA0D000007D8 /* kiboLiveChatTests.swift */ = {isa = PBXFileReference; lastKnownFileType = sourcecode.swift; path = kiboLiveChatTests.swift; sourceTree = "<group>"; };
		718F595A1D80EA0D000007D8 /* Info.plist */ = {isa = PBXFileReference; lastKnownFileType = text.plist.xml; path = Info.plist; sourceTree = "<group>"; };
		718F595F1D80EA0E000007D8 /* kiboLiveChatUITests.xctest */ = {isa = PBXFileReference; explicitFileType = wrapper.cfbundle; includeInIndex = 0; path = kiboLiveChatUITests.xctest; sourceTree = BUILT_PRODUCTS_DIR; };
		718F59631D80EA0E000007D8 /* kiboLiveChatUITests.swift */ = {isa = PBXFileReference; lastKnownFileType = sourcecode.swift; path = kiboLiveChatUITests.swift; sourceTree = "<group>"; };
		718F59651D80EA0E000007D8 /* Info.plist */ = {isa = PBXFileReference; lastKnownFileType = text.plist.xml; path = Info.plist; sourceTree = "<group>"; };
		718F59711D80EA57000007D8 /* KiboEngageSDK.framework */ = {isa = PBXFileReference; lastKnownFileType = wrapper.framework; path = KiboEngageSDK.framework; sourceTree = "<group>"; };
		B0DE7B0FB02204E83CBA8216 /* Pods-kiboLiveChat.release.xcconfig */ = {isa = PBXFileReference; includeInIndex = 1; lastKnownFileType = text.xcconfig; name = "Pods-kiboLiveChat.release.xcconfig"; path = "Pods/Target Support Files/Pods-kiboLiveChat/Pods-kiboLiveChat.release.xcconfig"; sourceTree = "<group>"; };
		EA369E3395DFD00FB3C04C58 /* Pods-kiboLiveChat.debug.xcconfig */ = {isa = PBXFileReference; includeInIndex = 1; lastKnownFileType = text.xcconfig; name = "Pods-kiboLiveChat.debug.xcconfig"; path = "Pods/Target Support Files/Pods-kiboLiveChat/Pods-kiboLiveChat.debug.xcconfig"; sourceTree = "<group>"; };
/* End PBXFileReference section */

/* Begin PBXFrameworksBuildPhase section */
		718F593A1D80EA0D000007D8 /* Frameworks */ = {
			isa = PBXFrameworksBuildPhase;
			buildActionMask = 2147483647;
			files = (
				7132E0B31D80EC8800B8AD4C /* KiboEngageSDK.framework in Frameworks */,
				49E230E194ACD82B8160AB65 /* Pods_kiboLiveChat.framework in Frameworks */,
				713A6EFE1D95CE0B0084A816 /* WindowsAzureMessaging.framework in Frameworks */,
			);
			runOnlyForDeploymentPostprocessing = 0;
		};
		718F59511D80EA0D000007D8 /* Frameworks */ = {
			isa = PBXFrameworksBuildPhase;
			buildActionMask = 2147483647;
			files = (
			);
			runOnlyForDeploymentPostprocessing = 0;
		};
		718F595C1D80EA0E000007D8 /* Frameworks */ = {
			isa = PBXFrameworksBuildPhase;
			buildActionMask = 2147483647;
			files = (
			);
			runOnlyForDeploymentPostprocessing = 0;
		};
/* End PBXFrameworksBuildPhase section */

/* Begin PBXGroup section */
		718F59341D80EA0D000007D8 = {
			isa = PBXGroup;
			children = (
				713A6EFD1D95CE0B0084A816 /* WindowsAzureMessaging.framework */,
				713A6EFA1D95CDD60084A816 /* temp.h */,
				713A6EFB1D95CDD60084A816 /* temp.m */,
				718F59711D80EA57000007D8 /* KiboEngageSDK.framework */,
				718F593F1D80EA0D000007D8 /* kiboLiveChat */,
				718F59571D80EA0D000007D8 /* kiboLiveChatTests */,
				718F59621D80EA0E000007D8 /* kiboLiveChatUITests */,
				718F593E1D80EA0D000007D8 /* Products */,
				A98B87D9AF098863B95C54B2 /* Pods */,
				A686204D5489C97862B6A090 /* Frameworks */,
				713A6EF91D95CDD50084A816 /* kiboLiveChat-Bridging-Header.h */,
			);
			sourceTree = "<group>";
		};
		718F593E1D80EA0D000007D8 /* Products */ = {
			isa = PBXGroup;
			children = (
				718F593D1D80EA0D000007D8 /* kiboLiveChat.app */,
				718F59541D80EA0D000007D8 /* kiboLiveChatTests.xctest */,
				718F595F1D80EA0E000007D8 /* kiboLiveChatUITests.xctest */,
			);
			name = Products;
			sourceTree = "<group>";
		};
		718F593F1D80EA0D000007D8 /* kiboLiveChat */ = {
			isa = PBXGroup;
			children = (
				718F59401D80EA0D000007D8 /* AppDelegate.swift */,
				718F59421D80EA0D000007D8 /* ViewController.swift */,
				718F59441D80EA0D000007D8 /* Main.storyboard */,
				718F594A1D80EA0D000007D8 /* Assets.xcassets */,
				718F594C1D80EA0D000007D8 /* LaunchScreen.storyboard */,
				718F594F1D80EA0D000007D8 /* Info.plist */,
				718F59471D80EA0D000007D8 /* kiboLiveChat.xcdatamodeld */,
				7155355B1D95D2900081AB9C /* ConstantsString.swift */,
			);
			path = kiboLiveChat;
			sourceTree = "<group>";
		};
		718F59571D80EA0D000007D8 /* kiboLiveChatTests */ = {
			isa = PBXGroup;
			children = (
				718F59581D80EA0D000007D8 /* kiboLiveChatTests.swift */,
				718F595A1D80EA0D000007D8 /* Info.plist */,
			);
			path = kiboLiveChatTests;
			sourceTree = "<group>";
		};
		718F59621D80EA0E000007D8 /* kiboLiveChatUITests */ = {
			isa = PBXGroup;
			children = (
				718F59631D80EA0E000007D8 /* kiboLiveChatUITests.swift */,
				718F59651D80EA0E000007D8 /* Info.plist */,
			);
			path = kiboLiveChatUITests;
			sourceTree = "<group>";
		};
		A686204D5489C97862B6A090 /* Frameworks */ = {
			isa = PBXGroup;
			children = (
				575BA4C784BDDDD170FA2D76 /* Pods_kiboLiveChat.framework */,
			);
			name = Frameworks;
			sourceTree = "<group>";
		};
		A98B87D9AF098863B95C54B2 /* Pods */ = {
			isa = PBXGroup;
			children = (
				EA369E3395DFD00FB3C04C58 /* Pods-kiboLiveChat.debug.xcconfig */,
				B0DE7B0FB02204E83CBA8216 /* Pods-kiboLiveChat.release.xcconfig */,
			);
			name = Pods;
			sourceTree = "<group>";
		};
/* End PBXGroup section */

/* Begin PBXNativeTarget section */
		718F593C1D80EA0D000007D8 /* kiboLiveChat */ = {
			isa = PBXNativeTarget;
			buildConfigurationList = 718F59681D80EA0E000007D8 /* Build configuration list for PBXNativeTarget "kiboLiveChat" */;
			buildPhases = (
				56D8DC38F82476D060F8DB12 /* [CP] Check Pods Manifest.lock */,
				718F59391D80EA0D000007D8 /* Sources */,
				718F593A1D80EA0D000007D8 /* Frameworks */,
				718F593B1D80EA0D000007D8 /* Resources */,
				AC44CE8F8510672118FE09A3 /* [CP] Embed Pods Frameworks */,
				E655E0A0AF7433E504435F25 /* [CP] Copy Pods Resources */,
				7132E0B51D80EC8800B8AD4C /* Embed Frameworks */,
			);
			buildRules = (
			);
			dependencies = (
			);
			name = kiboLiveChat;
			productName = kiboLiveChat;
			productReference = 718F593D1D80EA0D000007D8 /* kiboLiveChat.app */;
			productType = "com.apple.product-type.application";
		};
		718F59531D80EA0D000007D8 /* kiboLiveChatTests */ = {
			isa = PBXNativeTarget;
			buildConfigurationList = 718F596B1D80EA0E000007D8 /* Build configuration list for PBXNativeTarget "kiboLiveChatTests" */;
			buildPhases = (
				718F59501D80EA0D000007D8 /* Sources */,
				718F59511D80EA0D000007D8 /* Frameworks */,
				718F59521D80EA0D000007D8 /* Resources */,
			);
			buildRules = (
			);
			dependencies = (
				718F59561D80EA0D000007D8 /* PBXTargetDependency */,
			);
			name = kiboLiveChatTests;
			productName = kiboLiveChatTests;
			productReference = 718F59541D80EA0D000007D8 /* kiboLiveChatTests.xctest */;
			productType = "com.apple.product-type.bundle.unit-test";
		};
		718F595E1D80EA0E000007D8 /* kiboLiveChatUITests */ = {
			isa = PBXNativeTarget;
			buildConfigurationList = 718F596E1D80EA0E000007D8 /* Build configuration list for PBXNativeTarget "kiboLiveChatUITests" */;
			buildPhases = (
				718F595B1D80EA0E000007D8 /* Sources */,
				718F595C1D80EA0E000007D8 /* Frameworks */,
				718F595D1D80EA0E000007D8 /* Resources */,
			);
			buildRules = (
			);
			dependencies = (
				718F59611D80EA0E000007D8 /* PBXTargetDependency */,
			);
			name = kiboLiveChatUITests;
			productName = kiboLiveChatUITests;
			productReference = 718F595F1D80EA0E000007D8 /* kiboLiveChatUITests.xctest */;
			productType = "com.apple.product-type.bundle.ui-testing";
		};
/* End PBXNativeTarget section */

/* Begin PBXProject section */
		718F59351D80EA0D000007D8 /* Project object */ = {
			isa = PBXProject;
			attributes = {
				LastSwiftUpdateCheck = 0730;
				LastUpgradeCheck = 0730;
				ORGANIZATIONNAME = KiboEngage;
				TargetAttributes = {
					718F593C1D80EA0D000007D8 = {
						CreatedOnToolsVersion = 7.3;
						DevelopmentTeam = LRN8T5S99N;
						SystemCapabilities = {
							com.apple.BackgroundModes = {
								enabled = 1;
							};
							com.apple.Push = {
								enabled = 1;
							};
						};
					};
					718F59531D80EA0D000007D8 = {
						CreatedOnToolsVersion = 7.3;
						TestTargetID = 718F593C1D80EA0D000007D8;
					};
					718F595E1D80EA0E000007D8 = {
						CreatedOnToolsVersion = 7.3;
						TestTargetID = 718F593C1D80EA0D000007D8;
					};
				};
			};
			buildConfigurationList = 718F59381D80EA0D000007D8 /* Build configuration list for PBXProject "kiboLiveChat" */;
			compatibilityVersion = "Xcode 3.2";
			developmentRegion = English;
			hasScannedForEncodings = 0;
			knownRegions = (
				en,
				Base,
			);
			mainGroup = 718F59341D80EA0D000007D8;
			productRefGroup = 718F593E1D80EA0D000007D8 /* Products */;
			projectDirPath = "";
			projectRoot = "";
			targets = (
				718F593C1D80EA0D000007D8 /* kiboLiveChat */,
				718F59531D80EA0D000007D8 /* kiboLiveChatTests */,
				718F595E1D80EA0E000007D8 /* kiboLiveChatUITests */,
			);
		};
/* End PBXProject section */

/* Begin PBXResourcesBuildPhase section */
		718F593B1D80EA0D000007D8 /* Resources */ = {
			isa = PBXResourcesBuildPhase;
			buildActionMask = 2147483647;
			files = (
				718F594E1D80EA0D000007D8 /* LaunchScreen.storyboard in Resources */,
				718F594B1D80EA0D000007D8 /* Assets.xcassets in Resources */,
				718F59461D80EA0D000007D8 /* Main.storyboard in Resources */,
			);
			runOnlyForDeploymentPostprocessing = 0;
		};
		718F59521D80EA0D000007D8 /* Resources */ = {
			isa = PBXResourcesBuildPhase;
			buildActionMask = 2147483647;
			files = (
			);
			runOnlyForDeploymentPostprocessing = 0;
		};
		718F595D1D80EA0E000007D8 /* Resources */ = {
			isa = PBXResourcesBuildPhase;
			buildActionMask = 2147483647;
			files = (
			);
			runOnlyForDeploymentPostprocessing = 0;
		};
/* End PBXResourcesBuildPhase section */

/* Begin PBXShellScriptBuildPhase section */
		56D8DC38F82476D060F8DB12 /* [CP] Check Pods Manifest.lock */ = {
			isa = PBXShellScriptBuildPhase;
			buildActionMask = 2147483647;
			files = (
			);
			inputPaths = (
			);
			name = "[CP] Check Pods Manifest.lock";
			outputPaths = (
			);
			runOnlyForDeploymentPostprocessing = 0;
			shellPath = /bin/sh;
			shellScript = "diff \"${PODS_ROOT}/../Podfile.lock\" \"${PODS_ROOT}/Manifest.lock\" > /dev/null\nif [[ $? != 0 ]] ; then\n    cat << EOM\nerror: The sandbox is not in sync with the Podfile.lock. Run 'pod install' or update your CocoaPods installation.\nEOM\n    exit 1\nfi\n";
			showEnvVarsInLog = 0;
		};
		AC44CE8F8510672118FE09A3 /* [CP] Embed Pods Frameworks */ = {
			isa = PBXShellScriptBuildPhase;
			buildActionMask = 2147483647;
			files = (
			);
			inputPaths = (
			);
			name = "[CP] Embed Pods Frameworks";
			outputPaths = (
			);
			runOnlyForDeploymentPostprocessing = 0;
			shellPath = /bin/sh;
			shellScript = "\"${SRCROOT}/Pods/Target Support Files/Pods-kiboLiveChat/Pods-kiboLiveChat-frameworks.sh\"\n";
			showEnvVarsInLog = 0;
		};
		E655E0A0AF7433E504435F25 /* [CP] Copy Pods Resources */ = {
			isa = PBXShellScriptBuildPhase;
			buildActionMask = 2147483647;
			files = (
			);
			inputPaths = (
			);
			name = "[CP] Copy Pods Resources";
			outputPaths = (
			);
			runOnlyForDeploymentPostprocessing = 0;
			shellPath = /bin/sh;
			shellScript = "\"${SRCROOT}/Pods/Target Support Files/Pods-kiboLiveChat/Pods-kiboLiveChat-resources.sh\"\n";
			showEnvVarsInLog = 0;
		};
/* End PBXShellScriptBuildPhase section */

/* Begin PBXSourcesBuildPhase section */
		718F59391D80EA0D000007D8 /* Sources */ = {
			isa = PBXSourcesBuildPhase;
			buildActionMask = 2147483647;
			files = (
				7155355C1D95D2900081AB9C /* ConstantsString.swift in Sources */,
				718F59431D80EA0D000007D8 /* ViewController.swift in Sources */,
				718F59411D80EA0D000007D8 /* AppDelegate.swift in Sources */,
				718F59491D80EA0D000007D8 /* kiboLiveChat.xcdatamodeld in Sources */,
				713A6EFC1D95CDD60084A816 /* temp.m in Sources */,
			);
			runOnlyForDeploymentPostprocessing = 0;
		};
		718F59501D80EA0D000007D8 /* Sources */ = {
			isa = PBXSourcesBuildPhase;
			buildActionMask = 2147483647;
			files = (
				718F59591D80EA0D000007D8 /* kiboLiveChatTests.swift in Sources */,
			);
			runOnlyForDeploymentPostprocessing = 0;
		};
		718F595B1D80EA0E000007D8 /* Sources */ = {
			isa = PBXSourcesBuildPhase;
			buildActionMask = 2147483647;
			files = (
				718F59641D80EA0E000007D8 /* kiboLiveChatUITests.swift in Sources */,
			);
			runOnlyForDeploymentPostprocessing = 0;
		};
/* End PBXSourcesBuildPhase section */

/* Begin PBXTargetDependency section */
		718F59561D80EA0D000007D8 /* PBXTargetDependency */ = {
			isa = PBXTargetDependency;
			target = 718F593C1D80EA0D000007D8 /* kiboLiveChat */;
			targetProxy = 718F59551D80EA0D000007D8 /* PBXContainerItemProxy */;
		};
		718F59611D80EA0E000007D8 /* PBXTargetDependency */ = {
			isa = PBXTargetDependency;
			target = 718F593C1D80EA0D000007D8 /* kiboLiveChat */;
			targetProxy = 718F59601D80EA0E000007D8 /* PBXContainerItemProxy */;
		};
/* End PBXTargetDependency section */

/* Begin PBXVariantGroup section */
		718F59441D80EA0D000007D8 /* Main.storyboard */ = {
			isa = PBXVariantGroup;
			children = (
				718F59451D80EA0D000007D8 /* Base */,
			);
			name = Main.storyboard;
			sourceTree = "<group>";
		};
		718F594C1D80EA0D000007D8 /* LaunchScreen.storyboard */ = {
			isa = PBXVariantGroup;
			children = (
				718F594D1D80EA0D000007D8 /* Base */,
			);
			name = LaunchScreen.storyboard;
			sourceTree = "<group>";
		};
/* End PBXVariantGroup section */

/* Begin XCBuildConfiguration section */
		718F59661D80EA0E000007D8 /* Debug */ = {
			isa = XCBuildConfiguration;
			buildSettings = {
				ALWAYS_SEARCH_USER_PATHS = NO;
				CLANG_ANALYZER_NONNULL = YES;
				CLANG_CXX_LANGUAGE_STANDARD = "gnu++0x";
				CLANG_CXX_LIBRARY = "libc++";
				CLANG_ENABLE_MODULES = YES;
				CLANG_ENABLE_OBJC_ARC = YES;
				CLANG_WARN_BOOL_CONVERSION = YES;
				CLANG_WARN_CONSTANT_CONVERSION = YES;
				CLANG_WARN_DIRECT_OBJC_ISA_USAGE = YES_ERROR;
				CLANG_WARN_EMPTY_BODY = YES;
				CLANG_WARN_ENUM_CONVERSION = YES;
				CLANG_WARN_INT_CONVERSION = YES;
				CLANG_WARN_OBJC_ROOT_CLASS = YES_ERROR;
				CLANG_WARN_UNREACHABLE_CODE = YES;
				CLANG_WARN__DUPLICATE_METHOD_MATCH = YES;
				"CODE_SIGN_IDENTITY[sdk=iphoneos*]" = "iPhone Developer";
				COPY_PHASE_STRIP = NO;
				DEBUG_INFORMATION_FORMAT = dwarf;
				EMBEDDED_CONTENT_CONTAINS_SWIFT = YES;
				ENABLE_STRICT_OBJC_MSGSEND = YES;
				ENABLE_TESTABILITY = YES;
				GCC_C_LANGUAGE_STANDARD = gnu99;
				GCC_DYNAMIC_NO_PIC = NO;
				GCC_NO_COMMON_BLOCKS = YES;
				GCC_OPTIMIZATION_LEVEL = 0;
				GCC_PREPROCESSOR_DEFINITIONS = (
					"DEBUG=1",
					"$(inherited)",
				);
				GCC_WARN_64_TO_32_BIT_CONVERSION = YES;
				GCC_WARN_ABOUT_RETURN_TYPE = YES_ERROR;
				GCC_WARN_UNDECLARED_SELECTOR = YES;
				GCC_WARN_UNINITIALIZED_AUTOS = YES_AGGRESSIVE;
				GCC_WARN_UNUSED_FUNCTION = YES;
				GCC_WARN_UNUSED_VARIABLE = YES;
				IPHONEOS_DEPLOYMENT_TARGET = 9.3;
				MTL_ENABLE_DEBUG_INFO = YES;
				ONLY_ACTIVE_ARCH = YES;
				SDKROOT = iphoneos;
				SWIFT_OPTIMIZATION_LEVEL = "-Onone";
			};
			name = Debug;
		};
		718F59671D80EA0E000007D8 /* Release */ = {
			isa = XCBuildConfiguration;
			buildSettings = {
				ALWAYS_SEARCH_USER_PATHS = NO;
				CLANG_ANALYZER_NONNULL = YES;
				CLANG_CXX_LANGUAGE_STANDARD = "gnu++0x";
				CLANG_CXX_LIBRARY = "libc++";
				CLANG_ENABLE_MODULES = YES;
				CLANG_ENABLE_OBJC_ARC = YES;
				CLANG_WARN_BOOL_CONVERSION = YES;
				CLANG_WARN_CONSTANT_CONVERSION = YES;
				CLANG_WARN_DIRECT_OBJC_ISA_USAGE = YES_ERROR;
				CLANG_WARN_EMPTY_BODY = YES;
				CLANG_WARN_ENUM_CONVERSION = YES;
				CLANG_WARN_INT_CONVERSION = YES;
				CLANG_WARN_OBJC_ROOT_CLASS = YES_ERROR;
				CLANG_WARN_UNREACHABLE_CODE = YES;
				CLANG_WARN__DUPLICATE_METHOD_MATCH = YES;
				"CODE_SIGN_IDENTITY[sdk=iphoneos*]" = "iPhone Developer";
				COPY_PHASE_STRIP = NO;
				DEBUG_INFORMATION_FORMAT = "dwarf-with-dsym";
				EMBEDDED_CONTENT_CONTAINS_SWIFT = YES;
				ENABLE_NS_ASSERTIONS = NO;
				ENABLE_STRICT_OBJC_MSGSEND = YES;
				GCC_C_LANGUAGE_STANDARD = gnu99;
				GCC_NO_COMMON_BLOCKS = YES;
				GCC_WARN_64_TO_32_BIT_CONVERSION = YES;
				GCC_WARN_ABOUT_RETURN_TYPE = YES_ERROR;
				GCC_WARN_UNDECLARED_SELECTOR = YES;
				GCC_WARN_UNINITIALIZED_AUTOS = YES_AGGRESSIVE;
				GCC_WARN_UNUSED_FUNCTION = YES;
				GCC_WARN_UNUSED_VARIABLE = YES;
				IPHONEOS_DEPLOYMENT_TARGET = 9.3;
				MTL_ENABLE_DEBUG_INFO = NO;
				SDKROOT = iphoneos;
				VALIDATE_PRODUCT = YES;
			};
			name = Release;
		};
		718F59691D80EA0E000007D8 /* Debug */ = {
			isa = XCBuildConfiguration;
			baseConfigurationReference = EA369E3395DFD00FB3C04C58 /* Pods-kiboLiveChat.debug.xcconfig */;
			buildSettings = {
				ASSETCATALOG_COMPILER_APPICON_NAME = AppIcon;
				CLANG_ENABLE_MODULES = YES;
				CODE_SIGN_IDENTITY = "iPhone Developer";
				"CODE_SIGN_IDENTITY[sdk=iphoneos*]" = "iPhone Developer";
				ENABLE_BITCODE = NO;
				FRAMEWORK_SEARCH_PATHS = (
					"$(inherited)",
					"$(PROJECT_DIR)",
				);
				INFOPLIST_FILE = kiboLiveChat/Info.plist;
				IPHONEOS_DEPLOYMENT_TARGET = 9.1;
				LD_RUNPATH_SEARCH_PATHS = "$(inherited) @executable_path/Frameworks";
				PRODUCT_BUNDLE_IDENTIFIER = com.kiboEngage.kiboLiveChat;
				PRODUCT_NAME = "$(TARGET_NAME)";
				PROVISIONING_PROFILE = "78d30aaf-d309-479e-ab8e-d29a4d80caba";
				SWIFT_OBJC_BRIDGING_HEADER = "kiboLiveChat-Bridging-Header.h";
				SWIFT_OPTIMIZATION_LEVEL = "-Onone";
			};
			name = Debug;
		};
		718F596A1D80EA0E000007D8 /* Release */ = {
			isa = XCBuildConfiguration;
			baseConfigurationReference = B0DE7B0FB02204E83CBA8216 /* Pods-kiboLiveChat.release.xcconfig */;
			buildSettings = {
				ASSETCATALOG_COMPILER_APPICON_NAME = AppIcon;
				CLANG_ENABLE_MODULES = YES;
				CODE_SIGN_IDENTITY = "iPhone Developer";
				"CODE_SIGN_IDENTITY[sdk=iphoneos*]" = "iPhone Developer";
				ENABLE_BITCODE = NO;
				FRAMEWORK_SEARCH_PATHS = (
					"$(inherited)",
					"$(PROJECT_DIR)",
				);
				INFOPLIST_FILE = kiboLiveChat/Info.plist;
				IPHONEOS_DEPLOYMENT_TARGET = 9.1;
				LD_RUNPATH_SEARCH_PATHS = "$(inherited) @executable_path/Frameworks";
				PRODUCT_BUNDLE_IDENTIFIER = com.kiboEngage.kiboLiveChat;
				PRODUCT_NAME = "$(TARGET_NAME)";
				PROVISIONING_PROFILE = "78d30aaf-d309-479e-ab8e-d29a4d80caba";
				SWIFT_OBJC_BRIDGING_HEADER = "kiboLiveChat-Bridging-Header.h";
			};
			name = Release;
		};
		718F596C1D80EA0E000007D8 /* Debug */ = {
			isa = XCBuildConfiguration;
			buildSettings = {
				BUNDLE_LOADER = "$(TEST_HOST)";
				INFOPLIST_FILE = kiboLiveChatTests/Info.plist;
				LD_RUNPATH_SEARCH_PATHS = "$(inherited) @executable_path/Frameworks @loader_path/Frameworks";
				PRODUCT_BUNDLE_IDENTIFIER = com.kiboEngage.client.kiboLiveChatTests;
				PRODUCT_NAME = "$(TARGET_NAME)";
				TEST_HOST = "$(BUILT_PRODUCTS_DIR)/kiboLiveChat.app/kiboLiveChat";
			};
			name = Debug;
		};
		718F596D1D80EA0E000007D8 /* Release */ = {
			isa = XCBuildConfiguration;
			buildSettings = {
				BUNDLE_LOADER = "$(TEST_HOST)";
				INFOPLIST_FILE = kiboLiveChatTests/Info.plist;
				LD_RUNPATH_SEARCH_PATHS = "$(inherited) @executable_path/Frameworks @loader_path/Frameworks";
				PRODUCT_BUNDLE_IDENTIFIER = com.kiboEngage.client.kiboLiveChatTests;
				PRODUCT_NAME = "$(TARGET_NAME)";
				TEST_HOST = "$(BUILT_PRODUCTS_DIR)/kiboLiveChat.app/kiboLiveChat";
			};
			name = Release;
		};
		718F596F1D80EA0E000007D8 /* Debug */ = {
			isa = XCBuildConfiguration;
			buildSettings = {
				INFOPLIST_FILE = kiboLiveChatUITests/Info.plist;
				LD_RUNPATH_SEARCH_PATHS = "$(inherited) @executable_path/Frameworks @loader_path/Frameworks";
				PRODUCT_BUNDLE_IDENTIFIER = com.kiboEngage.client.kiboLiveChatUITests;
				PRODUCT_NAME = "$(TARGET_NAME)";
				TEST_TARGET_NAME = kiboLiveChat;
			};
			name = Debug;
		};
		718F59701D80EA0E000007D8 /* Release */ = {
			isa = XCBuildConfiguration;
			buildSettings = {
				INFOPLIST_FILE = kiboLiveChatUITests/Info.plist;
				LD_RUNPATH_SEARCH_PATHS = "$(inherited) @executable_path/Frameworks @loader_path/Frameworks";
				PRODUCT_BUNDLE_IDENTIFIER = com.kiboEngage.client.kiboLiveChatUITests;
				PRODUCT_NAME = "$(TARGET_NAME)";
				TEST_TARGET_NAME = kiboLiveChat;
			};
			name = Release;
		};
/* End XCBuildConfiguration section */

/* Begin XCConfigurationList section */
		718F59381D80EA0D000007D8 /* Build configuration list for PBXProject "kiboLiveChat" */ = {
			isa = XCConfigurationList;
			buildConfigurations = (
				718F59661D80EA0E000007D8 /* Debug */,
				718F59671D80EA0E000007D8 /* Release */,
			);
			defaultConfigurationIsVisible = 0;
			defaultConfigurationName = Release;
		};
		718F59681D80EA0E000007D8 /* Build configuration list for PBXNativeTarget "kiboLiveChat" */ = {
			isa = XCConfigurationList;
			buildConfigurations = (
				718F59691D80EA0E000007D8 /* Debug */,
				718F596A1D80EA0E000007D8 /* Release */,
			);
			defaultConfigurationIsVisible = 0;
			defaultConfigurationName = Release;
		};
		718F596B1D80EA0E000007D8 /* Build configuration list for PBXNativeTarget "kiboLiveChatTests" */ = {
			isa = XCConfigurationList;
			buildConfigurations = (
				718F596C1D80EA0E000007D8 /* Debug */,
				718F596D1D80EA0E000007D8 /* Release */,
			);
			defaultConfigurationIsVisible = 0;
			defaultConfigurationName = Release;
		};
		718F596E1D80EA0E000007D8 /* Build configuration list for PBXNativeTarget "kiboLiveChatUITests" */ = {
			isa = XCConfigurationList;
			buildConfigurations = (
				718F596F1D80EA0E000007D8 /* Debug */,
				718F59701D80EA0E000007D8 /* Release */,
			);
			defaultConfigurationIsVisible = 0;
			defaultConfigurationName = Release;
		};
/* End XCConfigurationList section */

/* Begin XCVersionGroup section */
		718F59471D80EA0D000007D8 /* kiboLiveChat.xcdatamodeld */ = {
			isa = XCVersionGroup;
			children = (
				718F59481D80EA0D000007D8 /* kiboLiveChat.xcdatamodel */,
			);
			currentVersion = 718F59481D80EA0D000007D8 /* kiboLiveChat.xcdatamodel */;
			path = kiboLiveChat.xcdatamodeld;
			sourceTree = "<group>";
			versionGroupType = wrapper.xcdatamodel;
		};
/* End XCVersionGroup section */
	};
	rootObject = 718F59351D80EA0D000007D8 /* Project object */;
}
